
Microsoft Visual Studio Solution File, Format Version 12.00
# Visual Studio Version 16
VisualStudioVersion = 16.0.29905.134
MinimumVisualStudioVersion = 10.0.40219.1
Project("{FAE04EC0-301F-11D3-BF4B-00C04F79EFBC}") = "przyklKolos2", "przyklKolos2\przyklKolos2.csproj", "{D5A15477-590D-4FB6-B41B-FBABCC2E922A}"
EndProject
Global
	GlobalSection(SolutionConfigurationPlatforms) = preSolution
		Debug|Any CPU = Debug|Any CPU
		Release|Any CPU = Release|Any CPU
	EndGlobalSection
	GlobalSection(ProjectConfigurationPlatforms) = postSolution
		{D5A15477-590D-4FB6-B41B-FBABCC2E922A}.Debug|Any CPU.ActiveCfg = Debug|Any CPU
		{D5A15477-590D-4FB6-B41B-FBABCC2E922A}.Debug|Any CPU.Build.0 = Debug|Any CPU
		{D5A15477-590D-4FB6-B41B-FBABCC2E922A}.Release|Any CPU.ActiveCfg = Release|Any CPU
		{D5A15477-590D-4FB6-B41B-FBABCC2E922A}.Release|Any CPU.Build.0 = Release|Any CPU
	EndGlobalSection
	GlobalSection(SolutionProperties) = preSolution
		HideSolutionNode = FALSE
	EndGlobalSection
	GlobalSection(ExtensibilityGlobals) = postSolution
		SolutionGuid = {46EF83EC-4F3E-45E3-A94B-DDB0621E623B}
	EndGlobalSection
EndGlobal
